
Microsoft Visual Studio Solution File, Format Version 12.00
# Visual Studio 2013
VisualStudioVersion = 12.0.30501.0
MinimumVisualStudioVersion = 10.0.40219.1
Project("{FAE04EC0-301F-11D3-BF4B-00C04F79EFBC}") = "CP.NLayer.Client.WpfClient.Main", "src\Client\WPFClient\Main\CP.NLayer.Client.WpfClient.Main.csproj", "{520C3154-E21F-4D47-9D6F-2B562791CC46}"
EndProject
Project("{2150E333-8FDC-42A3-9474-1A3956D46DE8}") = "Test", "Test", "{B2A82397-BA91-43D4-A698-58216EFB819D}"
EndProject
Project("{FAE04EC0-301F-11D3-BF4B-00C04F79EFBC}") = "CP.NLayer.Data", "src\Data\CP.NLayer.Data.csproj", "{07EC37BC-B05B-4845-B921-0431C88F90A3}"
EndProject
Project("{FAE04EC0-301F-11D3-BF4B-00C04F79EFBC}") = "CP.NLayer.Models", "src\Models\CP.NLayer.Models.csproj", "{DFFE5258-EBB7-44C0-8B5C-4AE3AC4B3EE8}"
EndProject
Project("{FAE04EC0-301F-11D3-BF4B-00C04F79EFBC}") = "CP.NLayer.Resources", "src\Resources\CP.NLayer.Resources.csproj", "{492A470C-A1D2-457A-A427-39695E90487D}"
EndProject
Project("{FAE04EC0-301F-11D3-BF4B-00C04F79EFBC}") = "CP.NLayer.Service.Services", "src\Service\Services\CP.NLayer.Service.Services.csproj", "{2B2689F1-28BF-4ACF-A6D0-B500C633C528}"
EndProject
Project("{2150E333-8FDC-42A3-9474-1A3956D46DE8}") = "WpfClient", "WpfClient", "{369A83E8-1450-443E-8505-284D9D1A20E5}"
EndProject
Project("{FAE04EC0-301F-11D3-BF4B-00C04F79EFBC}") = "CP.NLayer.Client.WpfClient.Common", "src\Client\WPFClient\Common\CP.NLayer.Client.WpfClient.Common.csproj", "{0C7F50E5-B37F-4D11-8EDC-5A2DE688B299}"
EndProject
Project("{2150E333-8FDC-42A3-9474-1A3956D46DE8}") = "Modules", "Modules", "{DCA904CB-6805-4029-AA93-EB20F26FBCDC}"
EndProject
Project("{FAE04EC0-301F-11D3-BF4B-00C04F79EFBC}") = "CP.NLayer.Service.Contracts", "src\Service\Contracts\CP.NLayer.Service.Contracts.csproj", "{D92AF555-15E3-4177-95F9-93078D3C3375}"
EndProject
Project("{2150E333-8FDC-42A3-9474-1A3956D46DE8}") = "Service", "Service", "{6681D070-6E3A-4842-9D41-62C9041F40AA}"
EndProject
Project("{2150E333-8FDC-42A3-9474-1A3956D46DE8}") = "Client", "Client", "{5C194197-7424-4D4A-AA6B-75302A32685F}"
EndProject
Project("{2150E333-8FDC-42A3-9474-1A3956D46DE8}") = ".nuget", ".nuget", "{1AB2E148-6050-491E-BD4D-E2AB05201894}"
	ProjectSection(SolutionItems) = preProject
		.nuget\NuGet.Config = .nuget\NuGet.Config
		.nuget\NuGet.exe = .nuget\NuGet.exe
		.nuget\NuGet.targets = .nuget\NuGet.targets
	EndProjectSection
EndProject
Project("{FAE04EC0-301F-11D3-BF4B-00C04F79EFBC}") = "CP.NLayer.Client.WpfClient.Modules.BasicData", "src\Client\WPFClient\Modules\BasicData\CP.NLayer.Client.WpfClient.Modules.BasicData.csproj", "{A75F9BD9-BA3D-4613-AD45-43A692508EED}"
EndProject
Project("{FAE04EC0-301F-11D3-BF4B-00C04F79EFBC}") = "CP.NLayer.Client.WpfClient.Modules.Dashboard", "src\Client\WPFClient\Modules\Dashboard\CP.NLayer.Client.WpfClient.Modules.Dashboard.csproj", "{3E81F9C8-28C7-4664-966F-AC4EEFA0383A}"
EndProject
Project("{FAE04EC0-301F-11D3-BF4B-00C04F79EFBC}") = "CP.NLayer.Client.WpfClient.Modules.Tools", "src\Client\WPFClient\Modules\Tools\CP.NLayer.Client.WpfClient.Modules.Tools.csproj", "{242BBE38-1060-4D8D-991F-F5CFF27648BC}"
EndProject
Project("{FAE04EC0-301F-11D3-BF4B-00C04F79EFBC}") = "CP.NLayer.Client.WpfClient.Keygen", "src\Client\WPFClient\Keygen\CP.NLayer.Client.WpfClient.Keygen.csproj", "{3DA84766-7399-4C2C-90E5-5CB7535D9D68}"
EndProject
Project("{FAE04EC0-301F-11D3-BF4B-00C04F79EFBC}") = "CP.NLayer.Common", "src\Common\CP.NLayer.Common.csproj", "{C8CE491D-06C5-4F17-87DF-06F778DE24AC}"
EndProject
Project("{FAE04EC0-301F-11D3-BF4B-00C04F79EFBC}") = "CP.NLayer.Client.WpfClient.Modules.Misc", "src\Client\WPFClient\Modules\Misc\CP.NLayer.Client.WpfClient.Modules.Misc.csproj", "{F0976814-F765-4531-A406-E16D6CD7D829}"
EndProject
Project("{FAE04EC0-301F-11D3-BF4B-00C04F79EFBC}") = "CP.NLayer.Data.Tests", "test\Data\CP.NLayer.Data.Tests.csproj", "{F619F0C2-27CA-4DD7-B116-F6CF1B16F4C4}"
EndProject
Project("{FAE04EC0-301F-11D3-BF4B-00C04F79EFBC}") = "CP.NLayer.Service.Services.Tests", "test\Services\CP.NLayer.Service.Services.Tests.csproj", "{71C240F2-3DFD-412A-8348-5EE220531502}"
EndProject
Project("{FAE04EC0-301F-11D3-BF4B-00C04F79EFBC}") = "CP.NLayer.Service.ConsoleHost", "src\Service\ConsoleHost\CP.NLayer.Service.ConsoleHost.csproj", "{06CAB408-586D-4073-8787-EE5F24402819}"
EndProject
Project("{2150E333-8FDC-42A3-9474-1A3956D46DE8}") = "Proxies", "Proxies", "{F60F31B9-4160-4603-BD38-C0165E874D72}"
EndProject
Project("{FAE04EC0-301F-11D3-BF4B-00C04F79EFBC}") = "CP.NLayer.Client.Proxies", "src\Client\Proxies\CP.NLayer.Client.Proxies.csproj", "{C7D4CE5C-CFAC-4843-9063-9CC79B97D5D4}"
EndProject
Project("{FAE04EC0-301F-11D3-BF4B-00C04F79EFBC}") = "CP.NLayer.Client.WpfClient.Modules.MainHeader", "src\Client\WPFClient\Modules\MainHeader\CP.NLayer.Client.WpfClient.Modules.MainHeader.csproj", "{35FD4487-2682-4055-BE35-A064887B55A5}"
EndProject
Project("{FAE04EC0-301F-11D3-BF4B-00C04F79EFBC}") = "CP.NLayer.Client.WpfClient.Resources", "src\Client\WPFClient\Resources\CP.NLayer.Client.WpfClient.Resources.csproj", "{D493823D-89BD-4D51-8A1E-8D25AA359DDC}"
EndProject
Project("{2150E333-8FDC-42A3-9474-1A3956D46DE8}") = "Web", "Web", "{BD4B9B6D-87C5-447E-972B-12590B22D074}"
EndProject
Project("{FAE04EC0-301F-11D3-BF4B-00C04F79EFBC}") = "CP.NLayer.Web.Mvc4", "src\Web\MVC4\CP.NLayer.Web.Mvc4.csproj", "{B1235027-014B-49C2-A903-0F8D10B404DE}"
EndProject
Project("{2150E333-8FDC-42A3-9474-1A3956D46DE8}") = "Solution Items", "Solution Items", "{B88E9577-9732-4593-8CF9-1A3115367DFF}"
	ProjectSection(SolutionItems) = preProject
		CleanSolution.bat = CleanSolution.bat
		ReadMe.txt = ReadMe.txt
		Settings.StyleCop = Settings.StyleCop
	EndProjectSection
EndProject
Global
	GlobalSection(SolutionConfigurationPlatforms) = preSolution
		Debug|Any CPU = Debug|Any CPU
		Debug|x86 = Debug|x86
		Release|Any CPU = Release|Any CPU
		Release|x86 = Release|x86
	EndGlobalSection
	GlobalSection(ProjectConfigurationPlatforms) = postSolution
		{520C3154-E21F-4D47-9D6F-2B562791CC46}.Debug|Any CPU.ActiveCfg = Debug|Any CPU
		{520C3154-E21F-4D47-9D6F-2B562791CC46}.Debug|Any CPU.Build.0 = Debug|Any CPU
		{520C3154-E21F-4D47-9D6F-2B562791CC46}.Debug|x86.ActiveCfg = Debug|x86
		{520C3154-E21F-4D47-9D6F-2B562791CC46}.Debug|x86.Build.0 = Debug|x86
		{520C3154-E21F-4D47-9D6F-2B562791CC46}.Release|Any CPU.ActiveCfg = Release|Any CPU
		{520C3154-E21F-4D47-9D6F-2B562791CC46}.Release|Any CPU.Build.0 = Release|Any CPU
		{520C3154-E21F-4D47-9D6F-2B562791CC46}.Release|x86.ActiveCfg = Release|x86
		{520C3154-E21F-4D47-9D6F-2B562791CC46}.Release|x86.Build.0 = Release|x86
		{07EC37BC-B05B-4845-B921-0431C88F90A3}.Debug|Any CPU.ActiveCfg = Debug|Any CPU
		{07EC37BC-B05B-4845-B921-0431C88F90A3}.Debug|Any CPU.Build.0 = Debug|Any CPU
		{07EC37BC-B05B-4845-B921-0431C88F90A3}.Debug|x86.ActiveCfg = Debug|x86
		{07EC37BC-B05B-4845-B921-0431C88F90A3}.Debug|x86.Build.0 = Debug|x86
		{07EC37BC-B05B-4845-B921-0431C88F90A3}.Release|Any CPU.ActiveCfg = Release|Any CPU
		{07EC37BC-B05B-4845-B921-0431C88F90A3}.Release|Any CPU.Build.0 = Release|Any CPU
		{07EC37BC-B05B-4845-B921-0431C88F90A3}.Release|x86.ActiveCfg = Release|x86
		{07EC37BC-B05B-4845-B921-0431C88F90A3}.Release|x86.Build.0 = Release|x86
		{DFFE5258-EBB7-44C0-8B5C-4AE3AC4B3EE8}.Debug|Any CPU.ActiveCfg = Debug|Any CPU
		{DFFE5258-EBB7-44C0-8B5C-4AE3AC4B3EE8}.Debug|Any CPU.Build.0 = Debug|Any CPU
		{DFFE5258-EBB7-44C0-8B5C-4AE3AC4B3EE8}.Debug|x86.ActiveCfg = Debug|x86
		{DFFE5258-EBB7-44C0-8B5C-4AE3AC4B3EE8}.Debug|x86.Build.0 = Debug|x86
		{DFFE5258-EBB7-44C0-8B5C-4AE3AC4B3EE8}.Release|Any CPU.ActiveCfg = Release|Any CPU
		{DFFE5258-EBB7-44C0-8B5C-4AE3AC4B3EE8}.Release|Any CPU.Build.0 = Release|Any CPU
		{DFFE5258-EBB7-44C0-8B5C-4AE3AC4B3EE8}.Release|x86.ActiveCfg = Release|x86
		{DFFE5258-EBB7-44C0-8B5C-4AE3AC4B3EE8}.Release|x86.Build.0 = Release|x86
		{492A470C-A1D2-457A-A427-39695E90487D}.Debug|Any CPU.ActiveCfg = Debug|Any CPU
		{492A470C-A1D2-457A-A427-39695E90487D}.Debug|Any CPU.Build.0 = Debug|Any CPU
		{492A470C-A1D2-457A-A427-39695E90487D}.Debug|x86.ActiveCfg = Debug|x86
		{492A470C-A1D2-457A-A427-39695E90487D}.Debug|x86.Build.0 = Debug|x86
		{492A470C-A1D2-457A-A427-39695E90487D}.Release|Any CPU.ActiveCfg = Release|Any CPU
		{492A470C-A1D2-457A-A427-39695E90487D}.Release|Any CPU.Build.0 = Release|Any CPU
		{492A470C-A1D2-457A-A427-39695E90487D}.Release|x86.ActiveCfg = Release|x86
		{492A470C-A1D2-457A-A427-39695E90487D}.Release|x86.Build.0 = Release|x86
		{2B2689F1-28BF-4ACF-A6D0-B500C633C528}.Debug|Any CPU.ActiveCfg = Debug|Any CPU
		{2B2689F1-28BF-4ACF-A6D0-B500C633C528}.Debug|Any CPU.Build.0 = Debug|Any CPU
		{2B2689F1-28BF-4ACF-A6D0-B500C633C528}.Debug|x86.ActiveCfg = Debug|x86
		{2B2689F1-28BF-4ACF-A6D0-B500C633C528}.Debug|x86.Build.0 = Debug|x86
		{2B2689F1-28BF-4ACF-A6D0-B500C633C528}.Release|Any CPU.ActiveCfg = Release|Any CPU
		{2B2689F1-28BF-4ACF-A6D0-B500C633C528}.Release|Any CPU.Build.0 = Release|Any CPU
		{2B2689F1-28BF-4ACF-A6D0-B500C633C528}.Release|x86.ActiveCfg = Release|x86
		{2B2689F1-28BF-4ACF-A6D0-B500C633C528}.Release|x86.Build.0 = Release|x86
		{0C7F50E5-B37F-4D11-8EDC-5A2DE688B299}.Debug|Any CPU.ActiveCfg = Debug|Any CPU
		{0C7F50E5-B37F-4D11-8EDC-5A2DE688B299}.Debug|Any CPU.Build.0 = Debug|Any CPU
		{0C7F50E5-B37F-4D11-8EDC-5A2DE688B299}.Debug|x86.ActiveCfg = Debug|x86
		{0C7F50E5-B37F-4D11-8EDC-5A2DE688B299}.Debug|x86.Build.0 = Debug|x86
		{0C7F50E5-B37F-4D11-8EDC-5A2DE688B299}.Release|Any CPU.ActiveCfg = Release|Any CPU
		{0C7F50E5-B37F-4D11-8EDC-5A2DE688B299}.Release|Any CPU.Build.0 = Release|Any CPU
		{0C7F50E5-B37F-4D11-8EDC-5A2DE688B299}.Release|x86.ActiveCfg = Release|x86
		{0C7F50E5-B37F-4D11-8EDC-5A2DE688B299}.Release|x86.Build.0 = Release|x86
		{D92AF555-15E3-4177-95F9-93078D3C3375}.Debug|Any CPU.ActiveCfg = Debug|Any CPU
		{D92AF555-15E3-4177-95F9-93078D3C3375}.Debug|Any CPU.Build.0 = Debug|Any CPU
		{D92AF555-15E3-4177-95F9-93078D3C3375}.Debug|x86.ActiveCfg = Debug|x86
		{D92AF555-15E3-4177-95F9-93078D3C3375}.Debug|x86.Build.0 = Debug|x86
		{D92AF555-15E3-4177-95F9-93078D3C3375}.Release|Any CPU.ActiveCfg = Release|Any CPU
		{D92AF555-15E3-4177-95F9-93078D3C3375}.Release|Any CPU.Build.0 = Release|Any CPU
		{D92AF555-15E3-4177-95F9-93078D3C3375}.Release|x86.ActiveCfg = Release|x86
		{D92AF555-15E3-4177-95F9-93078D3C3375}.Release|x86.Build.0 = Release|x86
		{A75F9BD9-BA3D-4613-AD45-43A692508EED}.Debug|Any CPU.ActiveCfg = Debug|Any CPU
		{A75F9BD9-BA3D-4613-AD45-43A692508EED}.Debug|Any CPU.Build.0 = Debug|Any CPU
		{A75F9BD9-BA3D-4613-AD45-43A692508EED}.Debug|x86.ActiveCfg = Debug|x86
		{A75F9BD9-BA3D-4613-AD45-43A692508EED}.Debug|x86.Build.0 = Debug|x86
		{A75F9BD9-BA3D-4613-AD45-43A692508EED}.Release|Any CPU.ActiveCfg = Release|Any CPU
		{A75F9BD9-BA3D-4613-AD45-43A692508EED}.Release|Any CPU.Build.0 = Release|Any CPU
		{A75F9BD9-BA3D-4613-AD45-43A692508EED}.Release|x86.ActiveCfg = Release|x86
		{A75F9BD9-BA3D-4613-AD45-43A692508EED}.Release|x86.Build.0 = Release|x86
		{3E81F9C8-28C7-4664-966F-AC4EEFA0383A}.Debug|Any CPU.ActiveCfg = Debug|Any CPU
		{3E81F9C8-28C7-4664-966F-AC4EEFA0383A}.Debug|Any CPU.Build.0 = Debug|Any CPU
		{3E81F9C8-28C7-4664-966F-AC4EEFA0383A}.Debug|x86.ActiveCfg = Debug|x86
		{3E81F9C8-28C7-4664-966F-AC4EEFA0383A}.Debug|x86.Build.0 = Debug|x86
		{3E81F9C8-28C7-4664-966F-AC4EEFA0383A}.Release|Any CPU.ActiveCfg = Release|Any CPU
		{3E81F9C8-28C7-4664-966F-AC4EEFA0383A}.Release|Any CPU.Build.0 = Release|Any CPU
		{3E81F9C8-28C7-4664-966F-AC4EEFA0383A}.Release|x86.ActiveCfg = Release|x86
		{3E81F9C8-28C7-4664-966F-AC4EEFA0383A}.Release|x86.Build.0 = Release|x86
		{242BBE38-1060-4D8D-991F-F5CFF27648BC}.Debug|Any CPU.ActiveCfg = Debug|Any CPU
		{242BBE38-1060-4D8D-991F-F5CFF27648BC}.Debug|Any CPU.Build.0 = Debug|Any CPU
		{242BBE38-1060-4D8D-991F-F5CFF27648BC}.Debug|x86.ActiveCfg = Debug|x86
		{242BBE38-1060-4D8D-991F-F5CFF27648BC}.Debug|x86.Build.0 = Debug|x86
		{242BBE38-1060-4D8D-991F-F5CFF27648BC}.Release|Any CPU.ActiveCfg = Release|Any CPU
		{242BBE38-1060-4D8D-991F-F5CFF27648BC}.Release|Any CPU.Build.0 = Release|Any CPU
		{242BBE38-1060-4D8D-991F-F5CFF27648BC}.Release|x86.ActiveCfg = Release|x86
		{242BBE38-1060-4D8D-991F-F5CFF27648BC}.Release|x86.Build.0 = Release|x86
		{3DA84766-7399-4C2C-90E5-5CB7535D9D68}.Debug|Any CPU.ActiveCfg = Debug|Any CPU
		{3DA84766-7399-4C2C-90E5-5CB7535D9D68}.Debug|Any CPU.Build.0 = Debug|Any CPU
		{3DA84766-7399-4C2C-90E5-5CB7535D9D68}.Debug|x86.ActiveCfg = Debug|x86
		{3DA84766-7399-4C2C-90E5-5CB7535D9D68}.Debug|x86.Build.0 = Debug|x86
		{3DA84766-7399-4C2C-90E5-5CB7535D9D68}.Release|Any CPU.ActiveCfg = Release|Any CPU
		{3DA84766-7399-4C2C-90E5-5CB7535D9D68}.Release|Any CPU.Build.0 = Release|Any CPU
		{3DA84766-7399-4C2C-90E5-5CB7535D9D68}.Release|x86.ActiveCfg = Release|x86
		{3DA84766-7399-4C2C-90E5-5CB7535D9D68}.Release|x86.Build.0 = Release|x86
		{C8CE491D-06C5-4F17-87DF-06F778DE24AC}.Debug|Any CPU.ActiveCfg = Debug|Any CPU
		{C8CE491D-06C5-4F17-87DF-06F778DE24AC}.Debug|Any CPU.Build.0 = Debug|Any CPU
		{C8CE491D-06C5-4F17-87DF-06F778DE24AC}.Debug|x86.ActiveCfg = Debug|x86
		{C8CE491D-06C5-4F17-87DF-06F778DE24AC}.Debug|x86.Build.0 = Debug|x86
		{C8CE491D-06C5-4F17-87DF-06F778DE24AC}.Release|Any CPU.ActiveCfg = Release|Any CPU
		{C8CE491D-06C5-4F17-87DF-06F778DE24AC}.Release|Any CPU.Build.0 = Release|Any CPU
		{C8CE491D-06C5-4F17-87DF-06F778DE24AC}.Release|x86.ActiveCfg = Release|x86
		{C8CE491D-06C5-4F17-87DF-06F778DE24AC}.Release|x86.Build.0 = Release|x86
		{F0976814-F765-4531-A406-E16D6CD7D829}.Debug|Any CPU.ActiveCfg = Debug|Any CPU
		{F0976814-F765-4531-A406-E16D6CD7D829}.Debug|Any CPU.Build.0 = Debug|Any CPU
		{F0976814-F765-4531-A406-E16D6CD7D829}.Debug|x86.ActiveCfg = Debug|x86
		{F0976814-F765-4531-A406-E16D6CD7D829}.Debug|x86.Build.0 = Debug|x86
		{F0976814-F765-4531-A406-E16D6CD7D829}.Release|Any CPU.ActiveCfg = Release|Any CPU
		{F0976814-F765-4531-A406-E16D6CD7D829}.Release|Any CPU.Build.0 = Release|Any CPU
		{F0976814-F765-4531-A406-E16D6CD7D829}.Release|x86.ActiveCfg = Release|x86
		{F0976814-F765-4531-A406-E16D6CD7D829}.Release|x86.Build.0 = Release|x86
		{F619F0C2-27CA-4DD7-B116-F6CF1B16F4C4}.Debug|Any CPU.ActiveCfg = Debug|Any CPU
		{F619F0C2-27CA-4DD7-B116-F6CF1B16F4C4}.Debug|Any CPU.Build.0 = Debug|Any CPU
		{F619F0C2-27CA-4DD7-B116-F6CF1B16F4C4}.Debug|x86.ActiveCfg = Debug|x86
		{F619F0C2-27CA-4DD7-B116-F6CF1B16F4C4}.Debug|x86.Build.0 = Debug|x86
		{F619F0C2-27CA-4DD7-B116-F6CF1B16F4C4}.Release|Any CPU.ActiveCfg = Release|Any CPU
		{F619F0C2-27CA-4DD7-B116-F6CF1B16F4C4}.Release|Any CPU.Build.0 = Release|Any CPU
		{F619F0C2-27CA-4DD7-B116-F6CF1B16F4C4}.Release|x86.ActiveCfg = Release|x86
		{F619F0C2-27CA-4DD7-B116-F6CF1B16F4C4}.Release|x86.Build.0 = Release|x86
		{71C240F2-3DFD-412A-8348-5EE220531502}.Debug|Any CPU.ActiveCfg = Debug|Any CPU
		{71C240F2-3DFD-412A-8348-5EE220531502}.Debug|Any CPU.Build.0 = Debug|Any CPU
		{71C240F2-3DFD-412A-8348-5EE220531502}.Debug|x86.ActiveCfg = Debug|x86
		{71C240F2-3DFD-412A-8348-5EE220531502}.Debug|x86.Build.0 = Debug|x86
		{71C240F2-3DFD-412A-8348-5EE220531502}.Release|Any CPU.ActiveCfg = Release|Any CPU
		{71C240F2-3DFD-412A-8348-5EE220531502}.Release|Any CPU.Build.0 = Release|Any CPU
		{71C240F2-3DFD-412A-8348-5EE220531502}.Release|x86.ActiveCfg = Release|x86
		{71C240F2-3DFD-412A-8348-5EE220531502}.Release|x86.Build.0 = Release|x86
		{06CAB408-586D-4073-8787-EE5F24402819}.Debug|Any CPU.ActiveCfg = Debug|Any CPU
		{06CAB408-586D-4073-8787-EE5F24402819}.Debug|Any CPU.Build.0 = Debug|Any CPU
		{06CAB408-586D-4073-8787-EE5F24402819}.Debug|x86.ActiveCfg = Debug|x86
		{06CAB408-586D-4073-8787-EE5F24402819}.Debug|x86.Build.0 = Debug|x86
		{06CAB408-586D-4073-8787-EE5F24402819}.Release|Any CPU.ActiveCfg = Release|Any CPU
		{06CAB408-586D-4073-8787-EE5F24402819}.Release|Any CPU.Build.0 = Release|Any CPU
		{06CAB408-586D-4073-8787-EE5F24402819}.Release|x86.ActiveCfg = Release|x86
		{06CAB408-586D-4073-8787-EE5F24402819}.Release|x86.Build.0 = Release|x86
		{C7D4CE5C-CFAC-4843-9063-9CC79B97D5D4}.Debug|Any CPU.ActiveCfg = Debug|Any CPU
		{C7D4CE5C-CFAC-4843-9063-9CC79B97D5D4}.Debug|Any CPU.Build.0 = Debug|Any CPU
		{C7D4CE5C-CFAC-4843-9063-9CC79B97D5D4}.Debug|x86.ActiveCfg = Debug|x86
		{C7D4CE5C-CFAC-4843-9063-9CC79B97D5D4}.Debug|x86.Build.0 = Debug|x86
		{C7D4CE5C-CFAC-4843-9063-9CC79B97D5D4}.Release|Any CPU.ActiveCfg = Release|Any CPU
		{C7D4CE5C-CFAC-4843-9063-9CC79B97D5D4}.Release|Any CPU.Build.0 = Release|Any CPU
		{C7D4CE5C-CFAC-4843-9063-9CC79B97D5D4}.Release|x86.ActiveCfg = Release|x86
		{C7D4CE5C-CFAC-4843-9063-9CC79B97D5D4}.Release|x86.Build.0 = Release|x86
		{35FD4487-2682-4055-BE35-A064887B55A5}.Debug|Any CPU.ActiveCfg = Debug|Any CPU
		{35FD4487-2682-4055-BE35-A064887B55A5}.Debug|Any CPU.Build.0 = Debug|Any CPU
		{35FD4487-2682-4055-BE35-A064887B55A5}.Debug|x86.ActiveCfg = Debug|x86
		{35FD4487-2682-4055-BE35-A064887B55A5}.Debug|x86.Build.0 = Debug|x86
		{35FD4487-2682-4055-BE35-A064887B55A5}.Release|Any CPU.ActiveCfg = Release|Any CPU
		{35FD4487-2682-4055-BE35-A064887B55A5}.Release|Any CPU.Build.0 = Release|Any CPU
		{35FD4487-2682-4055-BE35-A064887B55A5}.Release|x86.ActiveCfg = Release|x86
		{35FD4487-2682-4055-BE35-A064887B55A5}.Release|x86.Build.0 = Release|x86
		{D493823D-89BD-4D51-8A1E-8D25AA359DDC}.Debug|Any CPU.ActiveCfg = Debug|Any CPU
		{D493823D-89BD-4D51-8A1E-8D25AA359DDC}.Debug|Any CPU.Build.0 = Debug|Any CPU
		{D493823D-89BD-4D51-8A1E-8D25AA359DDC}.Debug|x86.ActiveCfg = Debug|Any CPU
		{D493823D-89BD-4D51-8A1E-8D25AA359DDC}.Release|Any CPU.ActiveCfg = Release|Any CPU
		{D493823D-89BD-4D51-8A1E-8D25AA359DDC}.Release|Any CPU.Build.0 = Release|Any CPU
		{D493823D-89BD-4D51-8A1E-8D25AA359DDC}.Release|x86.ActiveCfg = Release|Any CPU
		{B1235027-014B-49C2-A903-0F8D10B404DE}.Debug|Any CPU.ActiveCfg = Debug|Any CPU
		{B1235027-014B-49C2-A903-0F8D10B404DE}.Debug|Any CPU.Build.0 = Debug|Any CPU
		{B1235027-014B-49C2-A903-0F8D10B404DE}.Debug|x86.ActiveCfg = Debug|x86
		{B1235027-014B-49C2-A903-0F8D10B404DE}.Debug|x86.Build.0 = Debug|x86
		{B1235027-014B-49C2-A903-0F8D10B404DE}.Release|Any CPU.ActiveCfg = Release|Any CPU
		{B1235027-014B-49C2-A903-0F8D10B404DE}.Release|Any CPU.Build.0 = Release|Any CPU
		{B1235027-014B-49C2-A903-0F8D10B404DE}.Release|x86.ActiveCfg = Release|x86
		{B1235027-014B-49C2-A903-0F8D10B404DE}.Release|x86.Build.0 = Release|x86
	EndGlobalSection
	GlobalSection(SolutionProperties) = preSolution
		HideSolutionNode = FALSE
	EndGlobalSection
	GlobalSection(NestedProjects) = preSolution
		{520C3154-E21F-4D47-9D6F-2B562791CC46} = {369A83E8-1450-443E-8505-284D9D1A20E5}
		{2B2689F1-28BF-4ACF-A6D0-B500C633C528} = {6681D070-6E3A-4842-9D41-62C9041F40AA}
		{369A83E8-1450-443E-8505-284D9D1A20E5} = {5C194197-7424-4D4A-AA6B-75302A32685F}
		{0C7F50E5-B37F-4D11-8EDC-5A2DE688B299} = {369A83E8-1450-443E-8505-284D9D1A20E5}
		{DCA904CB-6805-4029-AA93-EB20F26FBCDC} = {369A83E8-1450-443E-8505-284D9D1A20E5}
		{D92AF555-15E3-4177-95F9-93078D3C3375} = {6681D070-6E3A-4842-9D41-62C9041F40AA}
		{A75F9BD9-BA3D-4613-AD45-43A692508EED} = {DCA904CB-6805-4029-AA93-EB20F26FBCDC}
		{3E81F9C8-28C7-4664-966F-AC4EEFA0383A} = {DCA904CB-6805-4029-AA93-EB20F26FBCDC}
		{242BBE38-1060-4D8D-991F-F5CFF27648BC} = {DCA904CB-6805-4029-AA93-EB20F26FBCDC}
		{3DA84766-7399-4C2C-90E5-5CB7535D9D68} = {369A83E8-1450-443E-8505-284D9D1A20E5}
		{F0976814-F765-4531-A406-E16D6CD7D829} = {DCA904CB-6805-4029-AA93-EB20F26FBCDC}
		{F619F0C2-27CA-4DD7-B116-F6CF1B16F4C4} = {B2A82397-BA91-43D4-A698-58216EFB819D}
		{71C240F2-3DFD-412A-8348-5EE220531502} = {B2A82397-BA91-43D4-A698-58216EFB819D}
		{06CAB408-586D-4073-8787-EE5F24402819} = {6681D070-6E3A-4842-9D41-62C9041F40AA}
		{F60F31B9-4160-4603-BD38-C0165E874D72} = {5C194197-7424-4D4A-AA6B-75302A32685F}
		{C7D4CE5C-CFAC-4843-9063-9CC79B97D5D4} = {F60F31B9-4160-4603-BD38-C0165E874D72}
		{35FD4487-2682-4055-BE35-A064887B55A5} = {DCA904CB-6805-4029-AA93-EB20F26FBCDC}
		{D493823D-89BD-4D51-8A1E-8D25AA359DDC} = {369A83E8-1450-443E-8505-284D9D1A20E5}
		{B1235027-014B-49C2-A903-0F8D10B404DE} = {BD4B9B6D-87C5-447E-972B-12590B22D074}
	EndGlobalSection
	GlobalSection(ExtensibilityGlobals) = postSolution
		EnterpriseLibraryConfigurationToolBinariesPath = packages\Unity.2.1.505.0\lib\NET35;packages\Unity.2.1.505.2\lib\NET35
	EndGlobalSection
EndGlobal
